# This file is automatically @generated by Cargo.
# It is not intended for manual editing.
version = 4

[[package]]
name = "flash-ast"
version = "0.1.0"
dependencies = [
 "flash-span",
]

[[package]]
name = "flash-cli"
version = "0.1.0"
dependencies = [
 "flash-driver",
 "flash-ir",
 "flash-platform",
 "flash-runtime",
]

[[package]]
name = "flash-driver"
version = "0.1.0"
dependencies = [
 "flash-ast",
 "flash-ir",
 "flash-lexer",
 "flash-parser",
 "flash-sema",
 "flash-span",
 "flash-stl",
]

[[package]]
name = "flash-ir"
version = "0.1.0"
dependencies = [
 "flash-span",
 "flash-stl",
]

[[package]]
name = "flash-lexer"
version = "0.1.0"
dependencies = [
 "flash-span",
]

[[package]]
name = "flash-parser"
version = "0.1.0"
dependencies = [
 "flash-ast",
 "flash-lexer",
 "flash-span",
 "flash-stl",
 "ui-suite",
]

[[package]]
name = "flash-platform"
version = "0.1.0"
dependencies = [
 "flash-ir",
]

[[package]]
name = "flash-runtime"
version = "0.1.0"
dependencies = [
 "flash-ir",
 "flash-platform",
]

[[package]]
name = "flash-sema"
version = "0.1.0"
dependencies = [
 "flash-ast",
 "flash-ir",
 "flash-span",
 "flash-stl",
]

[[package]]
name = "flash-span"
version = "0.1.0"

[[package]]
name = "flash-stl"
version = "0.1.0"
dependencies = [
 "flash-span",
]

[[package]]
name = "ui-suite"
version = "0.1.0"
dependencies = [
 "flash-driver",
 "flash-ir",
 "flash-platform",
 "flash-runtime",
]
